{
    "_meta": {
        "hash": {
            "sha256": "2f34924f928e2af84c84f6f03833105a9bd12c02c0297e6484f84e660e633311"
        },
        "pipfile-spec": 6,
        "requires": {
            "python_full_version": "3.14.6",
            "python_version": "3.14"
        },
        "sources": [
            {
                "name": "pypi",
                "url": "https://pypi.org/simple",
                "verify_ssl": true
            }
        ]
    },
    "default": {
        "asgiref": {
            "hashes": [
                "sha256:5f184dc43b7e763efe848065441eac62229c9f7b0475f41f80e207a114eda4ce",
                "sha256:e8667a091e69529631969fd45dc268fa79b99c92c5fcdda727757e52146ec133"
            ],
            "markers": "python_version >= '3.9'",
            "version": "==3.11.1"
        },
        "dj-database-url": {
            "hashes": [
                "sha256:544e015fee3efa5127a1eb1cca465f4ace578265b3671fe61d0ed7dbafb5ec8a",
                "sha256:63c20e4bbaa51690dfd4c8d189521f6bf6bc9da9fcdb23d95d2ee8ee87f9ec62"
            ],
            "index": "pypi",
            "markers": "python_version >= '3.10'",
            "version": "==3.1.2"
        },
        "django": {
            "hashes": [
                "sha256:25148b1194c47c2e685e5f5e9c5d59c78b075dfd282cb9618861ba6c1708f4d2",
                "sha256:ad03916ba59523d781ae5c3f631960c23d69a9d9c43cecda52fc23b47e953713"
            ],
            "markers": "python_version >= '3.12'",
            "version": "==6.0.6"
        },
        "django-cors-headers": {
            "hashes": [
                "sha256:15c7f20727f90044dcee2216a9fd7303741a864865f0c3657e28b7056f61b449",
                "sha256:fe5d7cb59fdc2c8c646ce84b727ac2bca8912a247e6e68e1fb507372178e59e8"
            ],
            "index": "pypi",
            "markers": "python_version >= '3.9'",
            "version": "==4.9.0"
        },
        "django-fsm": {
            "hashes": [
                "sha256:d6436f5931e09d76e9a434781548627deab80c74cd6726adce95b31b5ddd4d1e",
                "sha256:ea07be2da221efa5cb8743cc94e0bb64fd962adff594f82269040eb4708c30c6"
            ],
            "index": "pypi",
            "version": "==3.0.1"
        },
        "djangorestframework": {
            "hashes": [
                "sha256:a6def5f447fe78ff853bff1d47a3c59bf38f5434b031780b351b0c73a62db1a5",
                "sha256:c3c74dd3e83a5a3efc37b3c18d92bd6f86a6791c7b7d4dff62bb068500e76457"
            ],
            "index": "pypi",
            "markers": "python_version >= '3.10'",
            "version": "==3.17.1"
        },
        "djangorestframework-simplejwt": {
            "hashes": [
                "sha256:2c30f3707053d384e9f315d11c2daccfcb548d4faa453111ca19a542b732e469",
                "sha256:e72c5572f51d7803021288e2057afcbd03f17fe11d484096f40a460abc76e87f"
            ],
            "index": "pypi",
            "markers": "python_version >= '3.9'",
            "version": "==5.5.1"
        },
        "psycopg": {
            "extras": [
                "binary"
            ],
            "hashes": [
                "sha256:b6bbc25ccf05c8fad3b061d9db2ef0909a555171b84b07f29458a447253d679a",
                "sha256:e21207764952cff81b6b8bdacad9a3939f2793367fdac2987b3aac36a651b5bc"
            ],
            "markers": "python_version >= '3.10'",
            "version": "==3.3.4"
        },
        "psycopg-binary": {
            "hashes": [
                "sha256:018fbed325936da502feb546642c982dcc4b9ffdea32dfef78dbf3b7f7ad4070",
                "sha256:0579252a1202cd73e4da137a1426e2dae993ae44e757605344282af3a082848c",
                "sha256:136f199a407b5348b9b857c504aff60c77622a28482e7195839ce1b51238c4cc",
                "sha256:13a7f380824c35896dcac7fe0f61440f7ca49d6dc73f3c13a9a4471e6a3b302e",
                "sha256:17a21953a9e5ff3a16dab692625a3676e2f101db5e40072f39dbee2250194d68",
                "sha256:1dc1f79fd16bb1f3f4421417a514607539f17804d95c7ed617265369d1981cae",
                "sha256:1fbaa292a3c8bb61b45df1ad3da1908ccee7cb889db9425e3557d9e34e2a4829",
                "sha256:22cdbf5f91ef7bb91fe0c5757e1962d3127a8010256eefd9c61fcaf441802097",
                "sha256:26df2717e59c0473e4465a97dfb1b7afebaa479277870fd5784d1436470db47c",
                "sha256:276904e3452d6a23d474ef9a21eee19f20eed3d53ddd2576af033827e0ba0992",
                "sha256:28b7398fdd19db3232c884fb24550bdfe951221f510e195e233299e4c9b78f97",
                "sha256:2c09aad7051326e7603c14e50636db9c01f78272dc54b3accff03d46370461e6",
                "sha256:32a6fbf8481e3a370d0d72b860d35948a693cb01281da217f7b2f307636e591a",
                "sha256:41f2ec0fea529832982bcb6c9415de3c86264ebe562b77a467c0fbcd7efbba8d",
                "sha256:46893c26858be12cc49ca4226ed6a60b4bfccadd946b3bebb783a60b38788228",
                "sha256:47c656a8a7ba6eb0cff1801a4caaa9c8bdc12d03080e273aff1c8ac39971a77e",
                "sha256:494ca54901be8cf9eb7e02c25b731f2317c378efa44f43e8f9bd0e1184ae7be4",
                "sha256:514404ed543efd620c85602b747df2a23cf1241b4067199e1a66f2d2757aaa41",
                "sha256:574ea21a9651958f1535c5a1c649c7409e9168bcbffa29a3f2f961f58b322949",
                "sha256:580ae30a5f95ccd90008ec697d3ed6a4a2047a516407ad904283fa42086936e9",
                "sha256:5ab28a2a7649df3b72e6b674b4c190e448e8e77cf496a65bd846472048de2089",
                "sha256:5c4ab71be17bdca30cb34c34c4e1496e2f5d6f20c199c12bad226070b22ef9bf",
                "sha256:612a627d733f695b1de1f9b4bd511c15f999a5d8b915d444bbd7dd71cf3370da",
                "sha256:6402a9d8146cf4b3974ded3fd28a971e83dc6a0333eb7822524a3aa20b546578",
                "sha256:6b9016b1714da4dd5ecaaa75b82098aa5a0b87854ce9b092e21c27c4ae23e014",
                "sha256:71e55ccbdfae79a2ed9c6369c3008a3025817ff9d7e27b32a2d84e2a4267e66e",
                "sha256:7465bfe6087d2d5b42d4c53b9b11ca9f218e477317a4a162a10e3c19e984ba8e",
                "sha256:75a9067e236f9b9ae3535b66fe99bddb33d39c0de10112e49b9ab11eee53dc31",
                "sha256:773d573e11f437ce0bdb95b7c18dc58390494f96d43f8b45b9760436114f7652",
                "sha256:77df19583501ea288eaf15ac0fe7ad01e6d8091a91d5c41df5c718f307d8e31b",
                "sha256:7f7668f30b9dd5163197e5cbf4e0efd54e00f0a859cc566ce56cfc31f4054839",
                "sha256:8c0056529e68dbe9184cd4019a1f3d8f3a4ead2f6fc7a5afcf27d3314edd1277",
                "sha256:94596f9e7633ee3f6440711d43bb70aa31cc0a46a900ab8b4201a366ace5c9e7",
                "sha256:ab8cca8ef8fb1ccf5b048ae5bd78ba55b9e4b5d472e3ce5ca39ff4d2a9c249e4",
                "sha256:ad3bc94054876155549fdaedf4a46d1ec69d39a5bcee377148afe498e84c4b8e",
                "sha256:b56b603ebcea8aa10b46228b8410ba7f13e7c2ee54389d4d9be0927fd8ce2a70",
                "sha256:b6f5a29e9c775b9f12a1a717aa7a2c80f9e1db6f27ba44a5b59c80ac61d2ffcf",
                "sha256:b7bfff1ca23732b488cbca3076fc11bc98d520ee122514fdb17a8e20d3338f5a",
                "sha256:bdef84570ebbce1d42b4e7ea952d21c414c5f118ad02fee00c5625f35e134429",
                "sha256:c37e024c07308cd06cf3ec51bfd0e7f6157585a4d84d1bce4a7f5f7913719bf8",
                "sha256:c677c4ad433cb7150c8cd304a0769ae3bcfbe5ea0676eb53faa7b1443b16d0d3",
                "sha256:cf7f73a4a792bc5db58a4b385d8a1467e8d468f7548702fb0ed1e9b7501b1c13",
                "sha256:cffc3408d77a27973f33e5d909b624cce683db5fc25964b02fe0aae7886c1007",
                "sha256:d7b4d40c153fa352ab3cca530f3a0baedf7621b2ebcbd7f084009522c21788fc",
                "sha256:dbfdb9b6cc79f31104a7b162a2b921b765fcc62af6c00540a167a8de47e4ed38",
                "sha256:df1d567fc430f6df15c9fcf67d87685fc49bdb325adc0db5af1adfb2f44eb5c9",
                "sha256:e2631da29253a98bd496e6c4813b24e09a4fe3fb2a9e88513305d6f8747cce95",
                "sha256:e7510c37550f91a187e3660a8cc50d4b760f8c3b8b2f89ebc5698cd2c7f2c85d",
                "sha256:eb05ee1c2b817d27c537333224c9e83c7afb86fe7296ba970990068baf819b16",
                "sha256:eb4eed2079c01a4850bf467deacfab56d356d4225040170af03dc9958321242d",
                "sha256:ee17a2cf4943cde261adfad1bbc5bf38d6b3776d7afff74c7cabcbeaeb08c260",
                "sha256:f80e3f2b5331dbbf0901bcb658056c03eeb2c1ef31d774afb0d61598b242e744",
                "sha256:f9b1c2533af01cd7648378599f82b0b8ae32f293296e6eec5753a625bc97ef28",
                "sha256:fa1cbc10768a796c96d3243656016bf4e337c81c71097270bb7b0ad6210d9765",
                "sha256:fbd1d4ed566895ad2d3bf4ddfd8bae90026930ddf29df3b9d91d32c8c47866a7"
            ],
            "markers": "python_version >= '3.10'",
            "version": "==3.3.4"
        },
        "pyjwt": {
            "hashes": [
                "sha256:41571c89ca91598c79e8ef18a2d07367d4810fbbd6f637794879baf1b7703423",
                "sha256:66adcc2aff09b3f1bbd95fc1e1577df8ac8723c978552fd43304c8a290ac5728"
            ],
            "markers": "python_version >= '3.9'",
            "version": "==2.13.0"
        },
        "python-dotenv": {
            "hashes": [
                "sha256:1d8214789a24de455a8b8bd8ae6fe3c6b69a5e3d64aa8a8e5d68e694bbcb285a",
                "sha256:2c371a91fbd7ba082c2c1dc1f8bf89ca22564a087c2c287cd9b662adde799cf3"
            ],
            "index": "pypi",
            "markers": "python_version >= '3.10'",
            "version": "==1.2.2"
        },
        "sqlparse": {
            "hashes": [
                "sha256:12a08b3bf3eec877c519589833aed092e2444e68240a3577e8e26148acc7b1ba",
                "sha256:e20d4a9b0b8585fdf63b10d30066c7c94c5d7a7ec47c889a2d83a3caa93ff28e"
            ],
            "markers": "python_version >= '3.8'",
            "version": "==0.5.5"
        }
    },
    "develop": {
        "coverage": {
            "extras": [
                "toml"
            ],
            "hashes": [
                "sha256:0096fd7559178f0cc9cf088f2dbd2a02ef85bacaa69732c633517286b4494610",
                "sha256:02c41de2a88011b893050fc9830267d927a50a215f7ad5ec17349db7090ccf26",
                "sha256:0423d64c013057a06e70f070f073cec4b0cbc7d2b27f3c7007292f2ff1d52965",
                "sha256:0ee68f5c34812780f3a7063382c0a9fcbb99985b7ddcdcaa626e4f3fb2e0783a",
                "sha256:11a7ec9f97ab950f4c5af62229befc7faf208fdbc0116d3902d7e306cf2c5abd",
                "sha256:1551b4caac3e3ec9f2bfcec6bf3776e01c0edbdd2e240431a50ca1a1aac72c27",
                "sha256:16b206e521feb8b7133a45754643dead0538489cf8b783b90cf5f4e3299625fd",
                "sha256:1a7563a443f3d53fdeb040ec8c9f7466aed7ca3dc5891aa09d3ca3625fa4387f",
                "sha256:1bb93c2aa61d2a5b38f1526546d95cf4132cb681e541a337bf8dfd092be816e5",
                "sha256:1e3b91f9c4740aeb571ecf82e5e8d8e4ab62d34fcb5a5d4e5baa38c6f7d2857c",
                "sha256:2415902f385a23dcc4ccd26e0ba803249a169af6a930c003a4c715eeb9a5444e",
                "sha256:27d07a46500ba23515b838dbcf52512026af04090755cf6cc64166d88c9b9a1a",
                "sha256:2bfc4dd0a912329eccc7484a7d0b2a38032b38c40663b1e1ac595f10c457954b",
                "sha256:2e41fd3aab806770008279a93879b0924b16247e09ab537c043d08bbca53b4ab",
                "sha256:338b19131ab1a6b767b462bfcbaa692e7ae22f24463e39d49b02a83410ff6b37",
                "sha256:360bec1f58e7243e3405d3bdf7a1a8115aa9b448d54dc7cd6f7b7e0e9406b62e",
                "sha256:39e1dbbb6ff2c338e0196a482558a792a1de3aa64261196f5cdb3da016ad9cda",
                "sha256:3c68df8e61f1e09633fefc7538297145623957a048534368c9d212782aa5e845",
                "sha256:3d74ff26299c4879ce3a4d826f9d3d4d556fd285fde7bbce3c0ef5a8ab1cec24",
                "sha256:3e5b550a128419373c2f6cec28a244207013ef15f5cbcff6a5ca09d1dfaaf027",
                "sha256:41de778bd41780586e2b04912079c73089ab5d839624e28db3bdb26de638da92",
                "sha256:47968988b367990ae4ab17523790c38cd125e02c6bfd379b6022be2d40bdc38c",
                "sha256:4b60ca6d8af70473491a15a343cbabab2e8f9ea66a4376e81c7aa24876a6f977",
                "sha256:4d310baf69a4fbe8a098ce727e4808a34866ac718a6f759ae659cbd3221358bc",
                "sha256:526ce9721116af23b1065089f0b75046fe521e7772ab94b641cd66b7a0421889",
                "sha256:583d50d59142f8549470bd6390471d0fe8b8c8d69d6a0f28ac71e05380cef640",
                "sha256:5952f8c1bda2a5347154450379316e6dfa4d934d62ca35f6784451e6f55074fb",
                "sha256:5d788e5fd55347eef06ca0732c77d04a264de67e8ff24631270cdff3767a60cf",
                "sha256:605ab2b566a22bd94834529d66d295c364aba84afd3e5498285c7a524017b1fc",
                "sha256:611e62cb9386096d81b63e0a05330750268617231e7bd598e1fe77482a2c58a5",
                "sha256:6197e5a00183c11a8ce7c6abd18be1a9189fd8399084ffc95196f4f0db4f2137",
                "sha256:621e13c6108234d7960aaf5762ab5c3c00f33c30c15af06dcbff0c73bf112727",
                "sha256:62c7f79db2851c95ef020e5d28b97afde3daf9f7febcd35b53e05638f729063f",
                "sha256:64b2055bb6e0dc945af35cdeceb3633e6ed9273475ef3af85592410fd6803803",
                "sha256:68520c90babfa2d560eca6d497921ed3a4f469623bd709733124491b2aa8ef3f",
                "sha256:69918344541ed9c8368566c2adc03c0e33d4550d7faa87d1b35e49b6a3286ea9",
                "sha256:6a3693b4153394d265f44fb855fdc80e72403024d4d6f91c4871b334d028e4e0",
                "sha256:74fdd718d88fe144f4579b8747873a07ec3f04cb837d5faec5a25d9e22fa31a8",
                "sha256:7b27c822a8161afbe48e99f1adfb098d270ae7e0f7d7b0555ce110529bdb69cc",
                "sha256:7dfe427045520d6abca33687dfef767b4f635015893a1816c5decb12eb72ce18",
                "sha256:7ea52fc08f007bcc494d4bb3df3851e95843d881860ba38fe2c64dc100db5e7d",
                "sha256:830c1fca669c572dec37ce9c838224ee45aac5be0f6961edf871e82e49d6537c",
                "sha256:8427f370ca67db4c975d2a26acfc0e5783ca0b52444dbc50278ace0f35445949",
                "sha256:878832eaac515b62decfa76965aed558775f86bf1fc8cca76993c0c84ae31aed",
                "sha256:8ac012839ff7e396030f1e94e10553a431d14e4de2ab65cb3acb72bbd5628ca2",
                "sha256:8cec0ad652ec57790970d817490105bd917d783c2f7b38d6b58a0ca312e1a336",
                "sha256:8cf0f2509acb4619e2471a1951089054dd58ebea7a912066d2ea56dd4c24ca4a",
                "sha256:90f7608aeb5d9b60b523b9fb2a4ee1973867cc4865a3f26fe6c7577073b70205",
                "sha256:92c22e19ce64ca3f2ad751f16f14df1468b4c231bd6af97185063a9c292a0cb3",
                "sha256:96150a9cf3468ea20f0bc5d0e21b3df8972c31480ef90fa7614b773cc6429665",
                "sha256:98a0859b0e98e43e1178a9402e19c8127766b14f7109a374d976e5a62c0e5c73",
                "sha256:9973ef2463f8e6cfb61a6324126bb3e17d67a85f22f58d856e583ea2e3ca6501",
                "sha256:9a3f142070eb7b82fc4085a55d887396f9c4e21250bccebe2ba22502c45b9647",
                "sha256:9be4e7d4c5ca0427889f8f9d614bd630c2be741b1de7699bca3b2b6c0e41003e",
                "sha256:a090cbf9521e78ffdb2fcf448b72902afe9f5923ff6a12d5c0d0120200348af9",
                "sha256:a2335ea5fed26af2e831094964fa3f8fae60b45f7e37fcc2d3b615b2add3ad87",
                "sha256:a3c2134809e80fac091bfed18a6991b5a5eb5df5ae32b17ac4f4f99864b73dd7",
                "sha256:a571bd889cd36c5922ce8e42e059f9d37d02301531d11374afa4c87a578625d5",
                "sha256:a574912f3bde4b0619f6e97d01aa590b70998859244793769eb3a6df78ee56d3",
                "sha256:a64caee2193563601dbaaa55fe2dcf597debef04a2f8f1fa8a07aa4bb7ac7a1e",
                "sha256:ac082660de8f429ba0ea363595abb838998570b9a7546777c60f413ab902bbde",
                "sha256:b3d77f7f196abdef7e01415de1bce09f216189e83e58159cfeef2b92d0464994",
                "sha256:b3ff255799f5a1676c71c1c32ec01fd043aa09d57b3d95764b24992757184784",
                "sha256:b488bd4b23397db62e7a9459129d01ff06a846582a732efd24834b24a6ada498",
                "sha256:b75ee850fc2d7c831e883220c445b035f2224de2ba6103f1e56dbd237ab913f7",
                "sha256:b7f300ac92cd4b570724c8ffbbd0c130fee298d2447f41d5a3abf58976fae1de",
                "sha256:beaab199b9e5ceaf5a225e16a9d4df136f2a1eae0a5c20de1e277c8a5225f388",
                "sha256:c02efd507227bde9969cab0db8f48890eb3b5dcad6afac57a4792df4133543ce",
                "sha256:c66f9f9d4f1e9712eb9b1de5310f881d4e2188cfcba5065e1a8490f38687f2c4",
                "sha256:c90a7cdd5e380e1ce02f19792e2ac2fbfbf177e35a27e69fd3e873b30d895c0c",
                "sha256:c946099774a7699de03cbd0ff0a64e21aed4525eed9d959adde4afe6d15758ef",
                "sha256:cc96aa922e21d4bc5d5ed3c915cef27dfcbc13686f47d5e378d647fbfba655a2",
                "sha256:d20a15c622194234161535459affa8f7905830391c9ccfa060d495dbfe3a1c7f",
                "sha256:d48400185564042287dc487c1f016a3397f18ab4f4c5d5ec36edc218f7ffa35b",
                "sha256:d8e88f335544a47e22ae2e45b344772925ec65166555c958720d5ed971880891",
                "sha256:dc9b4e35e7c3920e925ba7f14886fd5fbe481232754624e832ddba66c7535635",
                "sha256:de76caefc8deabb0dd1678b6a980be97d14c8d87e213ac194dbf8b09e96d63fb",
                "sha256:e0bb8a6bc7015efdf8a928753b25da1b9ca2d6f24ef04d2ee0688e486f32aae7",
                "sha256:e343fb086c9cd780b38622fea7c369acd64c1a0724312149b5d769c387a2b1f5",
                "sha256:e4ed44705ca4bead6fc977a8b741f2145608289b33c8a9b42a95d0f15aedbf4d",
                "sha256:e574801e1d643561594aa021206c46d80b257e9853087090ba97bed8b0a509d3",
                "sha256:e6230e688c7c3e65cedd41a774eb4ec221adc6bfee13768231015b702d5e4150",
                "sha256:ea3169c7116eb6cdf7608c6c7da9ecfcb3da40688e3a510fac2d1d2bafd6dc35",
                "sha256:eadea7aba74e40adee867a8c0eec17b820b061d308a4b014f7a0e118c2b0aa61",
                "sha256:ed68faa5e85de2f3e400bc3f122e5c82735a58c8bb24b9f63a2215954ba17b2d",
                "sha256:f0a47095963cfe054e0df178daca95aec21e680d6076da807c3add28dfe920f7",
                "sha256:f502e948e03e866538048bba081c075caaa62e5bda6ea5b7432e45f587eb462a",
                "sha256:f82b6bb7d75a2613e85d07cefa3a8c973d0544a8993337f6e2728e4a1e94c305",
                "sha256:fa9e5c6857a7e80fa22ace5cf3550ae392bbfc322f1d8dd2d2d5a8be38cec027",
                "sha256:fb7e18afb6e903c1a92401a2f0501ac277dca527bb9ca6fe1f691a8a0026a0e8",
                "sha256:fbb8c3a98e779013786ae01d229662aeacbc77100efbd3f2f245219ace5af700"
            ],
            "markers": "python_version >= '3.10'",
            "version": "==7.14.3"
        },
        "factory-boy": {
            "hashes": [
                "sha256:1c39e3289f7e667c4285433f305f8d506efc2fe9c73aaea4151ebd5cdea394fc",
                "sha256:866862d226128dfac7f2b4160287e899daf54f2612778327dd03d0e2cb1e3d03"
            ],
            "index": "pypi",
            "markers": "python_version >= '3.8'",
            "version": "==3.3.3"
        },
        "faker": {
            "hashes": [
                "sha256:775922453e54afa42eaf60eac478fa3a969357f224d09a8022b93e3ad88f18ae",
                "sha256:f135e563f1f95f19346bb680bc2e43570bc43b7893e566023746f51f32c69dfc"
            ],
            "markers": "python_version >= '3.10'",
            "version": "==40.23.0"
        },
        "iniconfig": {
            "hashes": [
                "sha256:c76315c77db068650d49c5b56314774a7804df16fee4402c1f19d6d15d8c4730",
                "sha256:f631c04d2c48c52b84d0d0549c99ff3859c98df65b3101406327ecc7d53fbf12"
            ],
            "markers": "python_version >= '3.10'",
            "version": "==2.3.0"
        },
        "packaging": {
            "hashes": [
                "sha256:5fc45236b9446107ff2415ce77c807cee2862cb6fac22b8a73826d0693b0980e",
                "sha256:ff452ff5a3e828ce110190feff1178bb1f2ea2281fa2075aadb987c2fb221661"
            ],
            "markers": "python_version >= '3.8'",
            "version": "==26.2"
        },
        "pluggy": {
            "hashes": [
                "sha256:7dcc130b76258d33b90f61b658791dede3486c3e6bfb003ee5c9bfb396dd22f3",
                "sha256:e920276dd6813095e9377c0bc5566d94c932c33b27a3e3945d8389c374dd4746"
            ],
            "markers": "python_version >= '3.9'",
            "version": "==1.6.0"
        },
        "pygments": {
            "hashes": [
                "sha256:6757cd03768053ff99f3039c1a36d6c0aa0b263438fcab17520b30a303a82b5f",
                "sha256:81a9e26dd42fd28a23a2d169d86d7ac03b46e2f8b59ed4698fb4785f946d0176"
            ],
            "markers": "python_version >= '3.9'",
            "version": "==2.20.0"
        },
        "pytest": {
            "hashes": [
                "sha256:1088fbde8f2b49d95a549a195707afa7a76a3ce9bcadc26b6d71f0ffda5fe313",
                "sha256:37a86b45efb9a47a61a36449063e8e18d0cab3161329fc099eb21783169c4f0c"
            ],
            "index": "pypi",
            "markers": "python_version >= '3.10'",
            "version": "==9.1.1"
        },
        "pytest-cov": {
            "hashes": [
                "sha256:30674f2b5f6351aa09702a9c8c364f6a01c27aae0c1366ae8016160d1efc56b2",
                "sha256:a0461110b7865f9a271aa1b51e516c9a95de9d696734a2f71e3e78f46e1d4678"
            ],
            "index": "pypi",
            "markers": "python_version >= '3.9'",
            "version": "==7.1.0"
        },
        "pytest-django": {
            "hashes": [
                "sha256:3ff300c49f8350ba2953b90297d23bf5f589db69545f56f1ec5f8cff5da83e85",
                "sha256:df94ec819a83c8979c8f6de13d9cdfbe76e8c21d39473cfe2b40c9fc9be3c758"
            ],
            "index": "pypi",
            "markers": "python_version >= '3.10'",
            "version": "==4.12.0"
        },
        "ruff": {
            "hashes": [
                "sha256:08143f0685ae278b30727ea72e90c61e5bd9c31b91aac4f5bb989538f73d24b8",
                "sha256:27c15b2a241dd4d995557949a094fe78b8ad99122a38ccae1595849bcc947b3f",
                "sha256:4171b6613effa9363cd46dd4f75bd1827b6d1b946b5e278ed0c600d305379445",
                "sha256:4d190d8f62a0b94aba8f721116538a9ee29b1e74d26650846ba9b99f0ae21c40",
                "sha256:5a2c86ba6870dd415a9d9eb8be94d7924ebec6a26ffc7958ec7ca29d4bff967d",
                "sha256:6a498f82e0f4d8904c4e0aea5139cdfac1f39d19a3c51d491292f63a36e83b2e",
                "sha256:6c6b607466e47349332eb1d9be52fb1467423fc07c217341af41cd0f3f0573be",
                "sha256:82b432bc087264aea70fd25ac198918b70bd9e2aa0db4297b0bb91bbfbbc63ce",
                "sha256:8530a09d03b3a8c994f8b559a7dcdabc690bcd3f78ef276c38c83166798ebf56",
                "sha256:87bf21fb3875fe69f0eacc825411657e2e85589cce633c35c0adf1113649c62b",
                "sha256:8f47f0f92952af2557212bb10cf3e695cd4cf28b2c6e42cdb18ec6c9ebfa19da",
                "sha256:922d1eb283161564759bd49f507e91dc6112c15da8bd5b84ed714e086243cf86",
                "sha256:c6c754515be7b76afe6e7e62df7776709571bcfc1631183828afcf3bafa869e3",
                "sha256:d48caa34488fb521fd0ef4aea2b0e8fe758298df044138f0d67b687a6a0d07ed",
                "sha256:ed03b7862d68f0a8771d50ee129980cbf1b113f96e250b73954bc292f689e0bb",
                "sha256:edc27f7172a93b32b102687009d6a588508815072141543ae603a8b9b0823063",
                "sha256:efeca47ee3f9d4a7162655a3b8e6ee4a878646044233978d4d2c1ff8cdd914f0",
                "sha256:f9b229cb3ef56ecc2c1c8ebeca64b7a7740ccaef40a9eb097e78dde5a8560b83"
            ],
            "index": "pypi",
            "markers": "python_version >= '3.7'",
            "version": "==0.15.19"
        }
    }
}
